
Microsoft Visual Studio Solution File, Format Version 12.00
# Visual Studio Version 16
VisualStudioVersion = 16.0.30413.136
MinimumVisualStudioVersion = 10.0.40219.1
Project("{FAE04EC0-301F-11D3-BF4B-00C04F79EFBC}") = "HelloMessage", "HelloMessage\HelloMessage.csproj", "{65193220-3429-4622-B460-28B5A86BEB4B}"
EndProject
Project("{FAE04EC0-301F-11D3-BF4B-00C04F79EFBC}") = "BillCalculation", "BillCalculation\BillCalculation.csproj", "{EB22A736-1F43-4C8E-B444-024FDDB5EAB2}"
EndProject
Project("{FAE04EC0-301F-11D3-BF4B-00C04F79EFBC}") = "EnhancedBillCalculation", "EnhancedBillCalculation\EnhancedBillCalculation.csproj", "{547FE7CC-089C-42E5-8659-D29EBCBCE9F5}"
EndProject
Global
	GlobalSection(SolutionConfigurationPlatforms) = preSolution
		Debug|Any CPU = Debug|Any CPU
		Release|Any CPU = Release|Any CPU
	EndGlobalSection
	GlobalSection(ProjectConfigurationPlatforms) = postSolution
		{65193220-3429-4622-B460-28B5A86BEB4B}.Debug|Any CPU.ActiveCfg = Debug|Any CPU
		{65193220-3429-4622-B460-28B5A86BEB4B}.Debug|Any CPU.Build.0 = Debug|Any CPU
		{65193220-3429-4622-B460-28B5A86BEB4B}.Release|Any CPU.ActiveCfg = Release|Any CPU
		{65193220-3429-4622-B460-28B5A86BEB4B}.Release|Any CPU.Build.0 = Release|Any CPU
		{EB22A736-1F43-4C8E-B444-024FDDB5EAB2}.Debug|Any CPU.ActiveCfg = Debug|Any CPU
		{EB22A736-1F43-4C8E-B444-024FDDB5EAB2}.Debug|Any CPU.Build.0 = Debug|Any CPU
		{EB22A736-1F43-4C8E-B444-024FDDB5EAB2}.Release|Any CPU.ActiveCfg = Release|Any CPU
		{EB22A736-1F43-4C8E-B444-024FDDB5EAB2}.Release|Any CPU.Build.0 = Release|Any CPU
		{547FE7CC-089C-42E5-8659-D29EBCBCE9F5}.Debug|Any CPU.ActiveCfg = Debug|Any CPU
		{547FE7CC-089C-42E5-8659-D29EBCBCE9F5}.Debug|Any CPU.Build.0 = Debug|Any CPU
		{547FE7CC-089C-42E5-8659-D29EBCBCE9F5}.Release|Any CPU.ActiveCfg = Release|Any CPU
		{547FE7CC-089C-42E5-8659-D29EBCBCE9F5}.Release|Any CPU.Build.0 = Release|Any CPU
	EndGlobalSection
	GlobalSection(SolutionProperties) = preSolution
		HideSolutionNode = FALSE
	EndGlobalSection
	GlobalSection(ExtensibilityGlobals) = postSolution
		SolutionGuid = {EDF32EBE-177D-4B90-A73F-D66BBAA5DDD6}
	EndGlobalSection
EndGlobal
